PODS:
  - PinLayout (1.9.3)
  - PinStackView (0.5.20240217):
    - PinLayout

DEPENDENCIES:
  - PinStackView (from `../`)

SPEC REPOS:
  trunk:
    - PinLayout

EXTERNAL SOURCES:
  PinStackView:
    :path: "../"

SPEC CHECKSUMS:
  PinLayout: 4d8733121f8687edcc8f00c19bf1379d12808767
  PinStackView: f191f5d251457b429eb3f9a460536b1eccb75cb0

PODFILE CHECKSUM: ec72c06753d333ab154def7a84faab58e72930a7

COCOAPODS: 1.12.0
