PODS:
  - PinLayout (1.9.3)
  - PinStackView (0.6.20250316):
    - PinLayout

DEPENDENCIES:
  - PinStackView (from `../`)

SPEC REPOS:
  trunk:
    - PinLayout

EXTERNAL SOURCES:
  PinStackView:
    :path: "../"

SPEC CHECKSUMS:
  PinLayout: 4d8733121f8687edcc8f00c19bf1379d12808767
  PinStackView: e57f0aa473b5ba5b5b765eb8bb97ecdd8f99e39b

PODFILE CHECKSUM: 04073fe907a9971a9b9b02c3bcf014ac05950d64

COCOAPODS: 1.15.2
